// !$*UTF8*$!
{
	archiveVersion = 1;
	classes = {
	};
	objectVersion = 55;
	objects = {

/* Begin PBXBuildFile section */
		CD8B4FA7292CF88300154F24 /* AppDelegate.swift in Sources */ = {isa = PBXBuildFile; fileRef = CD8B4FA6292CF88300154F24 /* AppDelegate.swift */; };
		CD8B4FA9292CF88300154F24 /* SceneDelegate.swift in Sources */ = {isa = PBXBuildFile; fileRef = CD8B4FA8292CF88300154F24 /* SceneDelegate.swift */; };
		CD8B4FAB292CF88300154F24 /* ViewController.swift in Sources */ = {isa = PBXBuildFile; fileRef = CD8B4FAA292CF88300154F24 /* ViewController.swift */; };
		CD8B4FAE292CF88300154F24 /* Main.storyboard in Resources */ = {isa = PBXBuildFile; fileRef = CD8B4FAC292CF88300154F24 /* Main.storyboard */; };
		CD8B4FB0292CF88400154F24 /* Assets.xcassets in Resources */ = {isa = PBXBuildFile; fileRef = CD8B4FAF292CF88400154F24 /* Assets.xcassets */; };
		CD8B4FB3292CF88400154F24 /* LaunchScreen.storyboard in Resources */ = {isa = PBXBuildFile; fileRef = CD8B4FB1292CF88400154F24 /* LaunchScreen.storyboard */; };
		CD8B4FBE292CF88400154F24 /* I_Am_PoorTests.swift in Sources */ = {isa = PBXBuildFile; fileRef = CD8B4FBD292CF88400154F24 /* I_Am_PoorTests.swift */; };
		CD8B4FC8292CF88400154F24 /* I_Am_PoorUITests.swift in Sources */ = {isa = PBXBuildFile; fileRef = CD8B4FC7292CF88400154F24 /* I_Am_PoorUITests.swift */; };
		CD8B4FCA292CF88400154F24 /* I_Am_PoorUITestsLaunchTests.swift in Sources */ = {isa = PBXBuildFile; fileRef = CD8B4FC9292CF88400154F24 /* I_Am_PoorUITestsLaunchTests.swift */; };
/* End PBXBuildFile section */

/* Begin PBXContainerItemProxy section */
		CD8B4FBA292CF88400154F24 /* PBXContainerItemProxy */ = {
			isa = PBXContainerItemProxy;
			containerPortal = CD8B4F9B292CF88300154F24 /* Project object */;
			proxyType = 1;
			remoteGlobalIDString = CD8B4FA2292CF88300154F24;
			remoteInfo = "I-Am-Poor";
		};
		CD8B4FC4292CF88400154F24 /* PBXContainerItemProxy */ = {
			isa = PBXContainerItemProxy;
			containerPortal = CD8B4F9B292CF88300154F24 /* Project object */;
			proxyType = 1;
			remoteGlobalIDString = CD8B4FA2292CF88300154F24;
			remoteInfo = "I-Am-Poor";
		};
/* End PBXContainerItemProxy section */

/* Begin PBXFileReference section */
		CD8B4FA3292CF88300154F24 /* I-Am-Poor.app */ = {isa = PBXFileReference; explicitFileType = wrapper.application; includeInIndex = 0; path = "I-Am-Poor.app"; sourceTree = BUILT_PRODUCTS_DIR; };
		CD8B4FA6292CF88300154F24 /* AppDelegate.swift */ = {isa = PBXFileReference; lastKnownFileType = sourcecode.swift; path = AppDelegate.swift; sourceTree = "<group>"; };
		CD8B4FA8292CF88300154F24 /* SceneDelegate.swift */ = {isa = PBXFileReference; lastKnownFileType = sourcecode.swift; path = SceneDelegate.swift; sourceTree = "<group>"; };
		CD8B4FAA292CF88300154F24 /* ViewController.swift */ = {isa = PBXFileReference; lastKnownFileType = sourcecode.swift; path = ViewController.swift; sourceTree = "<group>"; };
		CD8B4FAD292CF88300154F24 /* Base */ = {isa = PBXFileReference; lastKnownFileType = file.storyboard; name = Base; path = Base.lproj/Main.storyboard; sourceTree = "<group>"; };
		CD8B4FAF292CF88400154F24 /* Assets.xcassets */ = {isa = PBXFileReference; lastKnownFileType = folder.assetcatalog; path = Assets.xcassets; sourceTree = "<group>"; };
		CD8B4FB2292CF88400154F24 /* Base */ = {isa = PBXFileReference; lastKnownFileType = file.storyboard; name = Base; path = Base.lproj/LaunchScreen.storyboard; sourceTree = "<group>"; };
		CD8B4FB4292CF88400154F24 /* Info.plist */ = {isa = PBXFileReference; lastKnownFileType = text.plist.xml; path = Info.plist; sourceTree = "<group>"; };
		CD8B4FB9292CF88400154F24 /* I-Am-PoorTests.xctest */ = {isa = PBXFileReference; explicitFileType = wrapper.cfbundle; includeInIndex = 0; path = "I-Am-PoorTests.xctest"; sourceTree = BUILT_PRODUCTS_DIR; };
		CD8B4FBD292CF88400154F24 /* I_Am_PoorTests.swift */ = {isa = PBXFileReference; lastKnownFileType = sourcecode.swift; path = I_Am_PoorTests.swift; sourceTree = "<group>"; };
		CD8B4FC3292CF88400154F24 /* I-Am-PoorUITests.xctest */ = {isa = PBXFileReference; explicitFileType = wrapper.cfbundle; includeInIndex = 0; path = "I-Am-PoorUITests.xctest"; sourceTree = BUILT_PRODUCTS_DIR; };
		CD8B4FC7292CF88400154F24 /* I_Am_PoorUITests.swift */ = {isa = PBXFileReference; lastKnownFileType = sourcecode.swift; path = I_Am_PoorUITests.swift; sourceTree = "<group>"; };
		CD8B4FC9292CF88400154F24 /* I_Am_PoorUITestsLaunchTests.swift */ = {isa = PBXFileReference; lastKnownFileType = sourcecode.swift; path = I_Am_PoorUITestsLaunchTests.swift; sourceTree = "<group>"; };
/* End PBXFileReference section */

/* Begin PBXFrameworksBuildPhase section */
		CD8B4FA0292CF88300154F24 /* Frameworks */ = {
			isa = PBXFrameworksBuildPhase;
			buildActionMask = 2147483647;
			files = (
			);
			runOnlyForDeploymentPostprocessing = 0;
		};
		CD8B4FB6292CF88400154F24 /* Frameworks */ = {
			isa = PBXFrameworksBuildPhase;
			buildActionMask = 2147483647;
			files = (
			);
			runOnlyForDeploymentPostprocessing = 0;
		};
		CD8B4FC0292CF88400154F24 /* Frameworks */ = {
			isa = PBXFrameworksBuildPhase;
			buildActionMask = 2147483647;
			files = (
			);
			runOnlyForDeploymentPostprocessing = 0;
		};
/* End PBXFrameworksBuildPhase section */

/* Begin PBXGroup section */
		CD8B4F9A292CF88300154F24 = {
			isa = PBXGroup;
			children = (
				CD8B4FA5292CF88300154F24 /* I-Am-Poor */,
				CD8B4FBC292CF88400154F24 /* I-Am-PoorTests */,
				CD8B4FC6292CF88400154F24 /* I-Am-PoorUITests */,
				CD8B4FA4292CF88300154F24 /* Products */,
			);
			sourceTree = "<group>";
		};
		CD8B4FA4292CF88300154F24 /* Products */ = {
			isa = PBXGroup;
			children = (
				CD8B4FA3292CF88300154F24 /* I-Am-Poor.app */,
				CD8B4FB9292CF88400154F24 /* I-Am-PoorTests.xctest */,
				CD8B4FC3292CF88400154F24 /* I-Am-PoorUITests.xctest */,
			);
			name = Products;
			sourceTree = "<group>";
		};
		CD8B4FA5292CF88300154F24 /* I-Am-Poor */ = {
			isa = PBXGroup;
			children = (
				CD8B4FA6292CF88300154F24 /* AppDelegate.swift */,
				CD8B4FA8292CF88300154F24 /* SceneDelegate.swift */,
				CD8B4FAA292CF88300154F24 /* ViewController.swift */,
				CD8B4FAC292CF88300154F24 /* Main.storyboard */,
				CD8B4FAF292CF88400154F24 /* Assets.xcassets */,
				CD8B4FB1292CF88400154F24 /* LaunchScreen.storyboard */,
				CD8B4FB4292CF88400154F24 /* Info.plist */,
			);
			path = "I-Am-Poor";
			sourceTree = "<group>";
		};
		CD8B4FBC292CF88400154F24 /* I-Am-PoorTests */ = {
			isa = PBXGroup;
			children = (
				CD8B4FBD292CF88400154F24 /* I_Am_PoorTests.swift */,
			);
			path = "I-Am-PoorTests";
			sourceTree = "<group>";
		};
		CD8B4FC6292CF88400154F24 /* I-Am-PoorUITests */ = {
			isa = PBXGroup;
			children = (
				CD8B4FC7292CF88400154F24 /* I_Am_PoorUITests.swift */,
				CD8B4FC9292CF88400154F24 /* I_Am_PoorUITestsLaunchTests.swift */,
			);
			path = "I-Am-PoorUITests";
			sourceTree = "<group>";
		};
/* End PBXGroup section */

/* Begin PBXNativeTarget section */
		CD8B4FA2292CF88300154F24 /* I-Am-Poor */ = {
			isa = PBXNativeTarget;
			buildConfigurationList = CD8B4FCD292CF88400154F24 /* Build configuration list for PBXNativeTarget "I-Am-Poor" */;
			buildPhases = (
				CD8B4F9F292CF88300154F24 /* Sources */,
				CD8B4FA0292CF88300154F24 /* Frameworks */,
				CD8B4FA1292CF88300154F24 /* Resources */,
			);
			buildRules = (
			);
			dependencies = (
			);
			name = "I-Am-Poor";
			productName = "I-Am-Poor";
			productReference = CD8B4FA3292CF88300154F24 /* I-Am-Poor.app */;
			productType = "com.apple.product-type.application";
		};
		CD8B4FB8292CF88400154F24 /* I-Am-PoorTests */ = {
			isa = PBXNativeTarget;
			buildConfigurationList = CD8B4FD0292CF88400154F24 /* Build configuration list for PBXNativeTarget "I-Am-PoorTests" */;
			buildPhases = (
				CD8B4FB5292CF88400154F24 /* Sources */,
				CD8B4FB6292CF88400154F24 /* Frameworks */,
				CD8B4FB7292CF88400154F24 /* Resources */,
			);
			buildRules = (
			);
			dependencies = (
				CD8B4FBB292CF88400154F24 /* PBXTargetDependency */,
			);
			name = "I-Am-PoorTests";
			productName = "I-Am-PoorTests";
			productReference = CD8B4FB9292CF88400154F24 /* I-Am-PoorTests.xctest */;
			productType = "com.apple.product-type.bundle.unit-test";
		};
		CD8B4FC2292CF88400154F24 /* I-Am-PoorUITests */ = {
			isa = PBXNativeTarget;
			buildConfigurationList = CD8B4FD3292CF88400154F24 /* Build configuration list for PBXNativeTarget "I-Am-PoorUITests" */;
			buildPhases = (
				CD8B4FBF292CF88400154F24 /* Sources */,
				CD8B4FC0292CF88400154F24 /* Frameworks */,
				CD8B4FC1292CF88400154F24 /* Resources */,
			);
			buildRules = (
			);
			dependencies = (
				CD8B4FC5292CF88400154F24 /* PBXTargetDependency */,
			);
			name = "I-Am-PoorUITests";
			productName = "I-Am-PoorUITests";
			productReference = CD8B4FC3292CF88400154F24 /* I-Am-PoorUITests.xctest */;
			productType = "com.apple.product-type.bundle.ui-testing";
		};
/* End PBXNativeTarget section */

/* Begin PBXProject section */
		CD8B4F9B292CF88300154F24 /* Project object */ = {
			isa = PBXProject;
			attributes = {
				BuildIndependentTargetsInParallel = 1;
				LastSwiftUpdateCheck = 1320;
				LastUpgradeCheck = 1320;
				TargetAttributes = {
					CD8B4FA2292CF88300154F24 = {
						CreatedOnToolsVersion = 13.2.1;
					};
					CD8B4FB8292CF88400154F24 = {
						CreatedOnToolsVersion = 13.2.1;
						TestTargetID = CD8B4FA2292CF88300154F24;
					};
					CD8B4FC2292CF88400154F24 = {
						CreatedOnToolsVersion = 13.2.1;
						TestTargetID = CD8B4FA2292CF88300154F24;
					};
				};
			};
			buildConfigurationList = CD8B4F9E292CF88300154F24 /* Build configuration list for PBXProject "I-Am-Poor" */;
			compatibilityVersion = "Xcode 13.0";
			developmentRegion = en;
			hasScannedForEncodings = 0;
			knownRegions = (
				en,
				Base,
			);
			mainGroup = CD8B4F9A292CF88300154F24;
			productRefGroup = CD8B4FA4292CF88300154F24 /* Products */;
			projectDirPath = "";
			projectRoot = "";
			targets = (
				CD8B4FA2292CF88300154F24 /* I-Am-Poor */,
				CD8B4FB8292CF88400154F24 /* I-Am-PoorTests */,
				CD8B4FC2292CF88400154F24 /* I-Am-PoorUITests */,
			);
		};
/* End PBXProject section */

/* Begin PBXResourcesBuildPhase section */
		CD8B4FA1292CF88300154F24 /* Resources */ = {
			isa = PBXResourcesBuildPhase;
			buildActionMask = 2147483647;
			files = (
				CD8B4FB3292CF88400154F24 /* LaunchScreen.storyboard in Resources */,
				CD8B4FB0292CF88400154F24 /* Assets.xcassets in Resources */,
				CD8B4FAE292CF88300154F24 /* Main.storyboard in Resources */,
			);
			runOnlyForDeploymentPostprocessing = 0;
		};
		CD8B4FB7292CF88400154F24 /* Resources */ = {
			isa = PBXResourcesBuildPhase;
			buildActionMask = 2147483647;
			files = (
			);
			runOnlyForDeploymentPostprocessing = 0;
		};
		CD8B4FC1292CF88400154F24 /* Resources */ = {
			isa = PBXResourcesBuildPhase;
			buildActionMask = 2147483647;
			files = (
			);
			runOnlyForDeploymentPostprocessing = 0;
		};
/* End PBXResourcesBuildPhase section */

/* Begin PBXSourcesBuildPhase section */
		CD8B4F9F292CF88300154F24 /* Sources */ = {
			isa = PBXSourcesBuildPhase;
			buildActionMask = 2147483647;
			files = (
				CD8B4FAB292CF88300154F24 /* ViewController.swift in Sources */,
				CD8B4FA7292CF88300154F24 /* AppDelegate.swift in Sources */,
				CD8B4FA9292CF88300154F24 /* SceneDelegate.swift in Sources */,
			);
			runOnlyForDeploymentPostprocessing = 0;
		};
		CD8B4FB5292CF88400154F24 /* Sources */ = {
			isa = PBXSourcesBuildPhase;
			buildActionMask = 2147483647;
			files = (
				CD8B4FBE292CF88400154F24 /* I_Am_PoorTests.swift in Sources */,
			);
			runOnlyForDeploymentPostprocessing = 0;
		};
		CD8B4FBF292CF88400154F24 /* Sources */ = {
			isa = PBXSourcesBuildPhase;
			buildActionMask = 2147483647;
			files = (
				CD8B4FCA292CF88400154F24 /* I_Am_PoorUITestsLaunchTests.swift in Sources */,
				CD8B4FC8292CF88400154F24 /* I_Am_PoorUITests.swift in Sources */,
			);
			runOnlyForDeploymentPostprocessing = 0;
		};
/* End PBXSourcesBuildPhase section */

/* Begin PBXTargetDependency section */
		CD8B4FBB292CF88400154F24 /* PBXTargetDependency */ = {
			isa = PBXTargetDependency;
			target = CD8B4FA2292CF88300154F24 /* I-Am-Poor */;
			targetProxy = CD8B4FBA292CF88400154F24 /* PBXContainerItemProxy */;
		};
		CD8B4FC5292CF88400154F24 /* PBXTargetDependency */ = {
			isa = PBXTargetDependency;
			target = CD8B4FA2292CF88300154F24 /* I-Am-Poor */;
			targetProxy = CD8B4FC4292CF88400154F24 /* PBXContainerItemProxy */;
		};
/* End PBXTargetDependency section */

/* Begin PBXVariantGroup section */
		CD8B4FAC292CF88300154F24 /* Main.storyboard */ = {
			isa = PBXVariantGroup;
			children = (
				CD8B4FAD292CF88300154F24 /* Base */,
			);
			name = Main.storyboard;
			sourceTree = "<group>";
		};
		CD8B4FB1292CF88400154F24 /* LaunchScreen.storyboard */ = {
			isa = PBXVariantGroup;
			children = (
				CD8B4FB2292CF88400154F24 /* Base */,
			);
			name = LaunchScreen.storyboard;
			sourceTree = "<group>";
		};
/* End PBXVariantGroup section */

/* Begin XCBuildConfiguration section */
		CD8B4FCB292CF88400154F24 /* Debug */ = {
			isa = XCBuildConfiguration;
			buildSettings = {
				ALWAYS_SEARCH_USER_PATHS = NO;
				CLANG_ANALYZER_NONNULL = YES;
				CLANG_ANALYZER_NUMBER_OBJECT_CONVERSION = YES_AGGRESSIVE;
				CLANG_CXX_LANGUAGE_STANDARD = "gnu++17";
				CLANG_CXX_LIBRARY = "libc++";
				CLANG_ENABLE_MODULES = YES;
				CLANG_ENABLE_OBJC_ARC = YES;
				CLANG_ENABLE_OBJC_WEAK = YES;
				CLANG_WARN_BLOCK_CAPTURE_AUTORELEASING = YES;
				CLANG_WARN_BOOL_CONVERSION = YES;
				CLANG_WARN_COMMA = YES;
				CLANG_WARN_CONSTANT_CONVERSION = YES;
				CLANG_WARN_DEPRECATED_OBJC_IMPLEMENTATIONS = YES;
				CLANG_WARN_DIRECT_OBJC_ISA_USAGE = YES_ERROR;
				CLANG_WARN_DOCUMENTATION_COMMENTS = YES;
				CLANG_WARN_EMPTY_BODY = YES;
				CLANG_WARN_ENUM_CONVERSION = YES;
				CLANG_WARN_INFINITE_RECURSION = YES;
				CLANG_WARN_INT_CONVERSION = YES;
				CLANG_WARN_NON_LITERAL_NULL_CONVERSION = YES;
				CLANG_WARN_OBJC_IMPLICIT_RETAIN_SELF = YES;
				CLANG_WARN_OBJC_LITERAL_CONVERSION = YES;
				CLANG_WARN_OBJC_ROOT_CLASS = YES_ERROR;
				CLANG_WARN_QUOTED_INCLUDE_IN_FRAMEWORK_HEADER = YES;
				CLANG_WARN_RANGE_LOOP_ANALYSIS = YES;
				CLANG_WARN_STRICT_PROTOTYPES = YES;
				CLANG_WARN_SUSPICIOUS_MOVE = YES;
				CLANG_WARN_UNGUARDED_AVAILABILITY = YES_AGGRESSIVE;
				CLANG_WARN_UNREACHABLE_CODE = YES;
				CLANG_WARN__DUPLICATE_METHOD_MATCH = YES;
				COPY_PHASE_STRIP = NO;
				DEBUG_INFORMATION_FORMAT = dwarf;
				ENABLE_STRICT_OBJC_MSGSEND = YES;
				ENABLE_TESTABILITY = YES;
				GCC_C_LANGUAGE_STANDARD = gnu11;
				GCC_DYNAMIC_NO_PIC = NO;
				GCC_NO_COMMON_BLOCKS = YES;
				GCC_OPTIMIZATION_LEVEL = 0;
				GCC_PREPROCESSOR_DEFINITIONS = (
					"DEBUG=1",
					"$(inherited)",
				);
				GCC_WARN_64_TO_32_BIT_CONVERSION = YES;
				GCC_WARN_ABOUT_RETURN_TYPE = YES_ERROR;
				GCC_WARN_UNDECLARED_SELECTOR = YES;
				GCC_WARN_UNINITIALIZED_AUTOS = YES_AGGRESSIVE;
				GCC_WARN_UNUSED_FUNCTION = YES;
				GCC_WARN_UNUSED_VARIABLE = YES;
				IPHONEOS_DEPLOYMENT_TARGET = 15.2;
				MTL_ENABLE_DEBUG_INFO = INCLUDE_SOURCE;
				MTL_FAST_MATH = YES;
				ONLY_ACTIVE_ARCH = YES;
				SDKROOT = iphoneos;
				SWIFT_ACTIVE_COMPILATION_CONDITIONS = DEBUG;
				SWIFT_OPTIMIZATION_LEVEL = "-Onone";
			};
			name = Debug;
		};
		CD8B4FCC292CF88400154F24 /* Release */ = {
			isa = XCBuildConfiguration;
			buildSettings = {
				ALWAYS_SEARCH_USER_PATHS = NO;
				CLANG_ANALYZER_NONNULL = YES;
				CLANG_ANALYZER_NUMBER_OBJECT_CONVERSION = YES_AGGRESSIVE;
				CLANG_CXX_LANGUAGE_STANDARD = "gnu++17";
				CLANG_CXX_LIBRARY = "libc++";
				CLANG_ENABLE_MODULES = YES;
				CLANG_ENABLE_OBJC_ARC = YES;
				CLANG_ENABLE_OBJC_WEAK = YES;
				CLANG_WARN_BLOCK_CAPTURE_AUTORELEASING = YES;
				CLANG_WARN_BOOL_CONVERSION = YES;
				CLANG_WARN_COMMA = YES;
				CLANG_WARN_CONSTANT_CONVERSION = YES;
				CLANG_WARN_DEPRECATED_OBJC_IMPLEMENTATIONS = YES;
				CLANG_WARN_DIRECT_OBJC_ISA_USAGE = YES_ERROR;
				CLANG_WARN_DOCUMENTATION_COMMENTS = YES;
				CLANG_WARN_EMPTY_BODY = YES;
				CLANG_WARN_ENUM_CONVERSION = YES;
				CLANG_WARN_INFINITE_RECURSION = YES;
				CLANG_WARN_INT_CONVERSION = YES;
				CLANG_WARN_NON_LITERAL_NULL_CONVERSION = YES;
				CLANG_WARN_OBJC_IMPLICIT_RETAIN_SELF = YES;
				CLANG_WARN_OBJC_LITERAL_CONVERSION = YES;
				CLANG_WARN_OBJC_ROOT_CLASS = YES_ERROR;
				CLANG_WARN_QUOTED_INCLUDE_IN_FRAMEWORK_HEADER = YES;
				CLANG_WARN_RANGE_LOOP_ANALYSIS = YES;
				CLANG_WARN_STRICT_PROTOTYPES = YES;
				CLANG_WARN_SUSPICIOUS_MOVE = YES;
				CLANG_WARN_UNGUARDED_AVAILABILITY = YES_AGGRESSIVE;
				CLANG_WARN_UNREACHABLE_CODE = YES;
				CLANG_WARN__DUPLICATE_METHOD_MATCH = YES;
				COPY_PHASE_STRIP = NO;
				DEBUG_INFORMATION_FORMAT = "dwarf-with-dsym";
				ENABLE_NS_ASSERTIONS = NO;
				ENABLE_STRICT_OBJC_MSGSEND = YES;
				GCC_C_LANGUAGE_STANDARD = gnu11;
				GCC_NO_COMMON_BLOCKS = YES;
				GCC_WARN_64_TO_32_BIT_CONVERSION = YES;
				GCC_WARN_ABOUT_RETURN_TYPE = YES_ERROR;
				GCC_WARN_UNDECLARED_SELECTOR = YES;
				GCC_WARN_UNINITIALIZED_AUTOS = YES_AGGRESSIVE;
				GCC_WARN_UNUSED_FUNCTION = YES;
				GCC_WARN_UNUSED_VARIABLE = YES;
				IPHONEOS_DEPLOYMENT_TARGET = 15.2;
				MTL_ENABLE_DEBUG_INFO = NO;
				MTL_FAST_MATH = YES;
				SDKROOT = iphoneos;
				SWIFT_COMPILATION_MODE = wholemodule;
				SWIFT_OPTIMIZATION_LEVEL = "-O";
				VALIDATE_PRODUCT = YES;
			};
			name = Release;
		};
		CD8B4FCE292CF88400154F24 /* Debug */ = {
			isa = XCBuildConfiguration;
			buildSettings = {
				ASSETCATALOG_COMPILER_APPICON_NAME = AppIcon;
				ASSETCATALOG_COMPILER_GLOBAL_ACCENT_COLOR_NAME = AccentColor;
				CODE_SIGN_STYLE = Automatic;
				CURRENT_PROJECT_VERSION = 1;
				GENERATE_INFOPLIST_FILE = YES;
				INFOPLIST_FILE = "I-Am-Poor/Info.plist";
				INFOPLIST_KEY_UIApplicationSupportsIndirectInputEvents = YES;
				INFOPLIST_KEY_UILaunchStoryboardName = LaunchScreen;
				INFOPLIST_KEY_UIMainStoryboardFile = Main;
				INFOPLIST_KEY_UISupportedInterfaceOrientations_iPad = "UIInterfaceOrientationPortrait UIInterfaceOrientationPortraitUpsideDown UIInterfaceOrientationLandscapeLeft UIInterfaceOrientationLandscapeRight";
				INFOPLIST_KEY_UISupportedInterfaceOrientations_iPhone = "UIInterfaceOrientationPortrait UIInterfaceOrientationLandscapeLeft UIInterfaceOrientationLandscapeRight";
				LD_RUNPATH_SEARCH_PATHS = (
					"$(inherited)",
					"@executable_path/Frameworks",
				);
				MARKETING_VERSION = 1.0;
				PRODUCT_BUNDLE_IDENTIFIER = "com.doniyorbek.I-Am-Poor";
				PRODUCT_NAME = "$(TARGET_NAME)";
				SWIFT_EMIT_LOC_STRINGS = YES;
				SWIFT_VERSION = 5.0;
				TARGETED_DEVICE_FAMILY = "1,2";
			};
			name = Debug;
		};
		CD8B4FCF292CF88400154F24 /* Release */ = {
			isa = XCBuildConfiguration;
			buildSettings = {
				ASSETCATALOG_COMPILER_APPICON_NAME = AppIcon;
				ASSETCATALOG_COMPILER_GLOBAL_ACCENT_COLOR_NAME = AccentColor;
				CODE_SIGN_STYLE = Automatic;
				CURRENT_PROJECT_VERSION = 1;
				GENERATE_INFOPLIST_FILE = YES;
				INFOPLIST_FILE = "I-Am-Poor/Info.plist";
				INFOPLIST_KEY_UIApplicationSupportsIndirectInputEvents = YES;
				INFOPLIST_KEY_UILaunchStoryboardName = LaunchScreen;
				INFOPLIST_KEY_UIMainStoryboardFile = Main;
				INFOPLIST_KEY_UISupportedInterfaceOrientations_iPad = "UIInterfaceOrientationPortrait UIInterfaceOrientationPortraitUpsideDown UIInterfaceOrientationLandscapeLeft UIInterfaceOrientationLandscapeRight";
				INFOPLIST_KEY_UISupportedInterfaceOrientations_iPhone = "UIInterfaceOrientationPortrait UIInterfaceOrientationLandscapeLeft UIInterfaceOrientationLandscapeRight";
				LD_RUNPATH_SEARCH_PATHS = (
					"$(inherited)",
					"@executable_path/Frameworks",
				);
				MARKETING_VERSION = 1.0;
				PRODUCT_BUNDLE_IDENTIFIER = "com.doniyorbek.I-Am-Poor";
				PRODUCT_NAME = "$(TARGET_NAME)";
				SWIFT_EMIT_LOC_STRINGS = YES;
				SWIFT_VERSION = 5.0;
				TARGETED_DEVICE_FAMILY = "1,2";
			};
			name = Release;
		};
		CD8B4FD1292CF88400154F24 /* Debug */ = {
			isa = XCBuildConfiguration;
			buildSettings = {
				ALWAYS_EMBED_SWIFT_STANDARD_LIBRARIES = YES;
				BUNDLE_LOADER = "$(TEST_HOST)";
				CODE_SIGN_STYLE = Automatic;
				CURRENT_PROJECT_VERSION = 1;
				GENERATE_INFOPLIST_FILE = YES;
				IPHONEOS_DEPLOYMENT_TARGET = 15.2;
				MARKETING_VERSION = 1.0;
				PRODUCT_BUNDLE_IDENTIFIER = "com.doniyorbek.I-Am-PoorTests";
				PRODUCT_NAME = "$(TARGET_NAME)";
				SWIFT_EMIT_LOC_STRINGS = NO;
				SWIFT_VERSION = 5.0;
				TARGETED_DEVICE_FAMILY = "1,2";
				TEST_HOST = "$(BUILT_PRODUCTS_DIR)/I-Am-Poor.app/I-Am-Poor";
			};
			name = Debug;
		};
		CD8B4FD2292CF88400154F24 /* Release */ = {
			isa = XCBuildConfiguration;
			buildSettings = {
				ALWAYS_EMBED_SWIFT_STANDARD_LIBRARIES = YES;
				BUNDLE_LOADER = "$(TEST_HOST)";
				CODE_SIGN_STYLE = Automatic;
				CURRENT_PROJECT_VERSION = 1;
				GENERATE_INFOPLIST_FILE = YES;
				IPHONEOS_DEPLOYMENT_TARGET = 15.2;
				MARKETING_VERSION = 1.0;
				PRODUCT_BUNDLE_IDENTIFIER = "com.doniyorbek.I-Am-PoorTests";
				PRODUCT_NAME = "$(TARGET_NAME)";
				SWIFT_EMIT_LOC_STRINGS = NO;
				SWIFT_VERSION = 5.0;
				TARGETED_DEVICE_FAMILY = "1,2";
				TEST_HOST = "$(BUILT_PRODUCTS_DIR)/I-Am-Poor.app/I-Am-Poor";
			};
			name = Release;
		};
		CD8B4FD4292CF88400154F24 /* Debug */ = {
			isa = XCBuildConfiguration;
			buildSettings = {
				ALWAYS_EMBED_SWIFT_STANDARD_LIBRARIES = YES;
				CODE_SIGN_STYLE = Automatic;
				CURRENT_PROJECT_VERSION = 1;
				GENERATE_INFOPLIST_FILE = YES;
				MARKETING_VERSION = 1.0;
				PRODUCT_BUNDLE_IDENTIFIER = "com.doniyorbek.I-Am-PoorUITests";
				PRODUCT_NAME = "$(TARGET_NAME)";
				SWIFT_EMIT_LOC_STRINGS = NO;
				SWIFT_VERSION = 5.0;
				TARGETED_DEVICE_FAMILY = "1,2";
				TEST_TARGET_NAME = "I-Am-Poor";
			};
			name = Debug;
		};
		CD8B4FD5292CF88400154F24 /* Release */ = {
			isa = XCBuildConfiguration;
			buildSettings = {
				ALWAYS_EMBED_SWIFT_STANDARD_LIBRARIES = YES;
				CODE_SIGN_STYLE = Automatic;
				CURRENT_PROJECT_VERSION = 1;
				GENERATE_INFOPLIST_FILE = YES;
				MARKETING_VERSION = 1.0;
				PRODUCT_BUNDLE_IDENTIFIER = "com.doniyorbek.I-Am-PoorUITests";
				PRODUCT_NAME = "$(TARGET_NAME)";
				SWIFT_EMIT_LOC_STRINGS = NO;
				SWIFT_VERSION = 5.0;
				TARGETED_DEVICE_FAMILY = "1,2";
				TEST_TARGET_NAME = "I-Am-Poor";
			};
			name = Release;
		};
/* End XCBuildConfiguration section */

/* Begin XCConfigurationList section */
		CD8B4F9E292CF88300154F24 /* Build configuration list for PBXProject "I-Am-Poor" */ = {
			isa = XCConfigurationList;
			buildConfigurations = (
				CD8B4FCB292CF88400154F24 /* Debug */,
				CD8B4FCC292CF88400154F24 /* Release */,
			);
			defaultConfigurationIsVisible = 0;
			defaultConfigurationName = Release;
		};
		CD8B4FCD292CF88400154F24 /* Build configuration list for PBXNativeTarget "I-Am-Poor" */ = {
			isa = XCConfigurationList;
			buildConfigurations = (
				CD8B4FCE292CF88400154F24 /* Debug */,
				CD8B4FCF292CF88400154F24 /* Release */,
			);
			defaultConfigurationIsVisible = 0;
			defaultConfigurationName = Release;
		};
		CD8B4FD0292CF88400154F24 /* Build configuration list for PBXNativeTarget "I-Am-PoorTests" */ = {
			isa = XCConfigurationList;
			buildConfigurations = (
				CD8B4FD1292CF88400154F24 /* Debug */,
				CD8B4FD2292CF88400154F24 /* Release */,
			);
			defaultConfigurationIsVisible = 0;
			defaultConfigurationName = Release;
		};
		CD8B4FD3292CF88400154F24 /* Build configuration list for PBXNativeTarget "I-Am-PoorUITests" */ = {
			isa = XCConfigurationList;
			buildConfigurations = (
				CD8B4FD4292CF88400154F24 /* Debug */,
				CD8B4FD5292CF88400154F24 /* Release */,
			);
			defaultConfigurationIsVisible = 0;
			defaultConfigurationName = Release;
		};
/* End XCConfigurationList section */
	};
	rootObject = CD8B4F9B292CF88300154F24 /* Project object */;
}
